
Microsoft Visual Studio Solution File, Format Version 12.00
Project("{FAE04EC0-301F-11D3-BF4B-00C04F79EFBC}") = "MaruMaterialManager", "MaruMaterialManager\MaruMaterialManager.csproj", "{B9937BDA-173A-45FA-BC87-C6B78C2CEF9B}"
EndProject
Global
	GlobalSection(SolutionConfigurationPlatforms) = preSolution
		Debug|Any CPU = Debug|Any CPU
		Release|Any CPU = Release|Any CPU
	EndGlobalSection
	GlobalSection(ProjectConfigurationPlatforms) = postSolution
		{B9937BDA-173A-45FA-BC87-C6B78C2CEF9B}.Debug|Any CPU.ActiveCfg = Debug|Any CPU
		{B9937BDA-173A-45FA-BC87-C6B78C2CEF9B}.Debug|Any CPU.Build.0 = Debug|Any CPU
		{B9937BDA-173A-45FA-BC87-C6B78C2CEF9B}.Release|Any CPU.ActiveCfg = Release|Any CPU
		{B9937BDA-173A-45FA-BC87-C6B78C2CEF9B}.Release|Any CPU.Build.0 = Release|Any CPU
	EndGlobalSection
EndGlobal
