
Microsoft Visual Studio Solution File, Format Version 12.00
Project("{FAE04EC0-301F-11D3-BF4B-00C04F79EFBC}") = "MaruskaMaterialManager", "MaruskaMaterialManager\MaruskaMaterialManager.csproj", "{010826FC-1DD0-49FF-B1D8-00DE942568FF}"
EndProject
Global
	GlobalSection(SolutionConfigurationPlatforms) = preSolution
		Debug|Any CPU = Debug|Any CPU
		Release|Any CPU = Release|Any CPU
	EndGlobalSection
	GlobalSection(ProjectConfigurationPlatforms) = postSolution
		{010826FC-1DD0-49FF-B1D8-00DE942568FF}.Debug|Any CPU.ActiveCfg = Debug|Any CPU
		{010826FC-1DD0-49FF-B1D8-00DE942568FF}.Debug|Any CPU.Build.0 = Debug|Any CPU
		{010826FC-1DD0-49FF-B1D8-00DE942568FF}.Release|Any CPU.ActiveCfg = Release|Any CPU
		{010826FC-1DD0-49FF-B1D8-00DE942568FF}.Release|Any CPU.Build.0 = Release|Any CPU
	EndGlobalSection
EndGlobal
